
Microsoft Visual Studio Solution File, Format Version 12.00
# Visual Studio 15
VisualStudioVersion = 15.0.27703.2026
MinimumVisualStudioVersion = 10.0.40219.1
Project("{FAE04EC0-301F-11D3-BF4B-00C04F79EFBC}") = "IT4ClubCar.Android", "IT4ClubCar\IT4ClubCar.Android\IT4ClubCar.Android.csproj", "{6C3EEFDB-B57A-4BF3-B8CE-767EE01BEBAE}"
EndProject
Project("{FAE04EC0-301F-11D3-BF4B-00C04F79EFBC}") = "IT4ClubCar.iOS", "IT4ClubCar\IT4ClubCar.iOS\IT4ClubCar.iOS.csproj", "{CB5C0AB4-8105-42C0-A24C-2A752B9787A4}"
EndProject
Project("{FAE04EC0-301F-11D3-BF4B-00C04F79EFBC}") = "IT4ClubCar.UWP", "IT4ClubCar\IT4ClubCar.UWP\IT4ClubCar.UWP.csproj", "{B3062CA6-2767-4F48-8250-A6516DD57ACE}"
EndProject
Project("{D954291E-2A0B-460D-934E-DC6B0785DB48}") = "IT4ClubCar", "IT4ClubCar\IT4ClubCar\IT4ClubCar.shproj", "{D48D1DCA-7B1E-4F40-AE5D-031ADE7279EE}"
EndProject
Global
	GlobalSection(SharedMSBuildProjectFiles) = preSolution
		IT4ClubCar\IT4ClubCar\IT4ClubCar.projitems*{6c3eefdb-b57a-4bf3-b8ce-767ee01bebae}*SharedItemsImports = 4
		IT4ClubCar\IT4ClubCar\IT4ClubCar.projitems*{b3062ca6-2767-4f48-8250-a6516dd57ace}*SharedItemsImports = 4
		IT4ClubCar\IT4ClubCar\IT4ClubCar.projitems*{cb5c0ab4-8105-42c0-a24c-2a752b9787a4}*SharedItemsImports = 4
		IT4ClubCar\IT4ClubCar\IT4ClubCar.projitems*{d48d1dca-7b1e-4f40-ae5d-031ade7279ee}*SharedItemsImports = 13
	EndGlobalSection
	GlobalSection(SolutionConfigurationPlatforms) = preSolution
		Ad-Hoc|Any CPU = Ad-Hoc|Any CPU
		Ad-Hoc|ARM = Ad-Hoc|ARM
		Ad-Hoc|iPhone = Ad-Hoc|iPhone
		Ad-Hoc|iPhoneSimulator = Ad-Hoc|iPhoneSimulator
		Ad-Hoc|x64 = Ad-Hoc|x64
		Ad-Hoc|x86 = Ad-Hoc|x86
		AppStore|Any CPU = AppStore|Any CPU
		AppStore|ARM = AppStore|ARM
		AppStore|iPhone = AppStore|iPhone
		AppStore|iPhoneSimulator = AppStore|iPhoneSimulator
		AppStore|x64 = AppStore|x64
		AppStore|x86 = AppStore|x86
		Debug|Any CPU = Debug|Any CPU
		Debug|ARM = Debug|ARM
		Debug|iPhone = Debug|iPhone
		Debug|iPhoneSimulator = Debug|iPhoneSimulator
		Debug|x64 = Debug|x64
		Debug|x86 = Debug|x86
		Release|Any CPU = Release|Any CPU
		Release|ARM = Release|ARM
		Release|iPhone = Release|iPhone
		Release|iPhoneSimulator = Release|iPhoneSimulator
		Release|x64 = Release|x64
		Release|x86 = Release|x86
	EndGlobalSection
	GlobalSection(ProjectConfigurationPlatforms) = postSolution
		{6C3EEFDB-B57A-4BF3-B8CE-767EE01BEBAE}.Ad-Hoc|Any CPU.ActiveCfg = Release|Any CPU
		{6C3EEFDB-B57A-4BF3-B8CE-767EE01BEBAE}.Ad-Hoc|Any CPU.Build.0 = Release|Any CPU
		{6C3EEFDB-B57A-4BF3-B8CE-767EE01BEBAE}.Ad-Hoc|Any CPU.Deploy.0 = Release|Any CPU
		{6C3EEFDB-B57A-4BF3-B8CE-767EE01BEBAE}.Ad-Hoc|ARM.ActiveCfg = Release|Any CPU
		{6C3EEFDB-B57A-4BF3-B8CE-767EE01BEBAE}.Ad-Hoc|ARM.Build.0 = Release|Any CPU
		{6C3EEFDB-B57A-4BF3-B8CE-767EE01BEBAE}.Ad-Hoc|ARM.Deploy.0 = Release|Any CPU
		{6C3EEFDB-B57A-4BF3-B8CE-767EE01BEBAE}.Ad-Hoc|iPhone.ActiveCfg = Release|Any CPU
		{6C3EEFDB-B57A-4BF3-B8CE-767EE01BEBAE}.Ad-Hoc|iPhone.Build.0 = Release|Any CPU
		{6C3EEFDB-B57A-4BF3-B8CE-767EE01BEBAE}.Ad-Hoc|iPhone.Deploy.0 = Release|Any CPU
		{6C3EEFDB-B57A-4BF3-B8CE-767EE01BEBAE}.Ad-Hoc|iPhoneSimulator.ActiveCfg = Release|Any CPU
		{6C3EEFDB-B57A-4BF3-B8CE-767EE01BEBAE}.Ad-Hoc|iPhoneSimulator.Build.0 = Release|Any CPU
		{6C3EEFDB-B57A-4BF3-B8CE-767EE01BEBAE}.Ad-Hoc|iPhoneSimulator.Deploy.0 = Release|Any CPU
		{6C3EEFDB-B57A-4BF3-B8CE-767EE01BEBAE}.Ad-Hoc|x64.ActiveCfg = Release|Any CPU
		{6C3EEFDB-B57A-4BF3-B8CE-767EE01BEBAE}.Ad-Hoc|x64.Build.0 = Release|Any CPU
		{6C3EEFDB-B57A-4BF3-B8CE-767EE01BEBAE}.Ad-Hoc|x64.Deploy.0 = Release|Any CPU
		{6C3EEFDB-B57A-4BF3-B8CE-767EE01BEBAE}.Ad-Hoc|x86.ActiveCfg = Release|Any CPU
		{6C3EEFDB-B57A-4BF3-B8CE-767EE01BEBAE}.Ad-Hoc|x86.Build.0 = Release|Any CPU
		{6C3EEFDB-B57A-4BF3-B8CE-767EE01BEBAE}.Ad-Hoc|x86.Deploy.0 = Release|Any CPU
		{6C3EEFDB-B57A-4BF3-B8CE-767EE01BEBAE}.AppStore|Any CPU.ActiveCfg = Release|Any CPU
		{6C3EEFDB-B57A-4BF3-B8CE-767EE01BEBAE}.AppStore|Any CPU.Build.0 = Release|Any CPU
		{6C3EEFDB-B57A-4BF3-B8CE-767EE01BEBAE}.AppStore|Any CPU.Deploy.0 = Release|Any CPU
		{6C3EEFDB-B57A-4BF3-B8CE-767EE01BEBAE}.AppStore|ARM.ActiveCfg = Release|Any CPU
		{6C3EEFDB-B57A-4BF3-B8CE-767EE01BEBAE}.AppStore|ARM.Build.0 = Release|Any CPU
		{6C3EEFDB-B57A-4BF3-B8CE-767EE01BEBAE}.AppStore|ARM.Deploy.0 = Release|Any CPU
		{6C3EEFDB-B57A-4BF3-B8CE-767EE01BEBAE}.AppStore|iPhone.ActiveCfg = Release|Any CPU
		{6C3EEFDB-B57A-4BF3-B8CE-767EE01BEBAE}.AppStore|iPhone.Build.0 = Release|Any CPU
		{6C3EEFDB-B57A-4BF3-B8CE-767EE01BEBAE}.AppStore|iPhone.Deploy.0 = Release|Any CPU
		{6C3EEFDB-B57A-4BF3-B8CE-767EE01BEBAE}.AppStore|iPhoneSimulator.ActiveCfg = Release|Any CPU
		{6C3EEFDB-B57A-4BF3-B8CE-767EE01BEBAE}.AppStore|iPhoneSimulator.Build.0 = Release|Any CPU
		{6C3EEFDB-B57A-4BF3-B8CE-767EE01BEBAE}.AppStore|iPhoneSimulator.Deploy.0 = Release|Any CPU
		{6C3EEFDB-B57A-4BF3-B8CE-767EE01BEBAE}.AppStore|x64.ActiveCfg = Release|Any CPU
		{6C3EEFDB-B57A-4BF3-B8CE-767EE01BEBAE}.AppStore|x64.Build.0 = Release|Any CPU
		{6C3EEFDB-B57A-4BF3-B8CE-767EE01BEBAE}.AppStore|x64.Deploy.0 = Release|Any CPU
		{6C3EEFDB-B57A-4BF3-B8CE-767EE01BEBAE}.AppStore|x86.ActiveCfg = Release|Any CPU
		{6C3EEFDB-B57A-4BF3-B8CE-767EE01BEBAE}.AppStore|x86.Build.0 = Release|Any CPU
		{6C3EEFDB-B57A-4BF3-B8CE-767EE01BEBAE}.AppStore|x86.Deploy.0 = Release|Any CPU
		{6C3EEFDB-B57A-4BF3-B8CE-767EE01BEBAE}.Debug|Any CPU.ActiveCfg = Debug|Any CPU
		{6C3EEFDB-B57A-4BF3-B8CE-767EE01BEBAE}.Debug|Any CPU.Build.0 = Debug|Any CPU
		{6C3EEFDB-B57A-4BF3-B8CE-767EE01BEBAE}.Debug|Any CPU.Deploy.0 = Debug|Any CPU
		{6C3EEFDB-B57A-4BF3-B8CE-767EE01BEBAE}.Debug|ARM.ActiveCfg = Debug|Any CPU
		{6C3EEFDB-B57A-4BF3-B8CE-767EE01BEBAE}.Debug|ARM.Build.0 = Debug|Any CPU
		{6C3EEFDB-B57A-4BF3-B8CE-767EE01BEBAE}.Debug|ARM.Deploy.0 = Debug|Any CPU
		{6C3EEFDB-B57A-4BF3-B8CE-767EE01BEBAE}.Debug|iPhone.ActiveCfg = Debug|Any CPU
		{6C3EEFDB-B57A-4BF3-B8CE-767EE01BEBAE}.Debug|iPhone.Build.0 = Debug|Any CPU
		{6C3EEFDB-B57A-4BF3-B8CE-767EE01BEBAE}.Debug|iPhone.Deploy.0 = Debug|Any CPU
		{6C3EEFDB-B57A-4BF3-B8CE-767EE01BEBAE}.Debug|iPhoneSimulator.ActiveCfg = Debug|Any CPU
		{6C3EEFDB-B57A-4BF3-B8CE-767EE01BEBAE}.Debug|iPhoneSimulator.Build.0 = Debug|Any CPU
		{6C3EEFDB-B57A-4BF3-B8CE-767EE01BEBAE}.Debug|iPhoneSimulator.Deploy.0 = Debug|Any CPU
		{6C3EEFDB-B57A-4BF3-B8CE-767EE01BEBAE}.Debug|x64.ActiveCfg = Debug|Any CPU
		{6C3EEFDB-B57A-4BF3-B8CE-767EE01BEBAE}.Debug|x64.Build.0 = Debug|Any CPU
		{6C3EEFDB-B57A-4BF3-B8CE-767EE01BEBAE}.Debug|x64.Deploy.0 = Debug|Any CPU
		{6C3EEFDB-B57A-4BF3-B8CE-767EE01BEBAE}.Debug|x86.ActiveCfg = Debug|Any CPU
		{6C3EEFDB-B57A-4BF3-B8CE-767EE01BEBAE}.Debug|x86.Build.0 = Debug|Any CPU
		{6C3EEFDB-B57A-4BF3-B8CE-767EE01BEBAE}.Debug|x86.Deploy.0 = Debug|Any CPU
		{6C3EEFDB-B57A-4BF3-B8CE-767EE01BEBAE}.Release|Any CPU.ActiveCfg = Release|Any CPU
		{6C3EEFDB-B57A-4BF3-B8CE-767EE01BEBAE}.Release|Any CPU.Build.0 = Release|Any CPU
		{6C3EEFDB-B57A-4BF3-B8CE-767EE01BEBAE}.Release|Any CPU.Deploy.0 = Release|Any CPU
		{6C3EEFDB-B57A-4BF3-B8CE-767EE01BEBAE}.Release|ARM.ActiveCfg = Release|Any CPU
		{6C3EEFDB-B57A-4BF3-B8CE-767EE01BEBAE}.Release|ARM.Build.0 = Release|Any CPU
		{6C3EEFDB-B57A-4BF3-B8CE-767EE01BEBAE}.Release|ARM.Deploy.0 = Release|Any CPU
		{6C3EEFDB-B57A-4BF3-B8CE-767EE01BEBAE}.Release|iPhone.ActiveCfg = Release|Any CPU
		{6C3EEFDB-B57A-4BF3-B8CE-767EE01BEBAE}.Release|iPhone.Build.0 = Release|Any CPU
		{6C3EEFDB-B57A-4BF3-B8CE-767EE01BEBAE}.Release|iPhone.Deploy.0 = Release|Any CPU
		{6C3EEFDB-B57A-4BF3-B8CE-767EE01BEBAE}.Release|iPhoneSimulator.ActiveCfg = Release|Any CPU
		{6C3EEFDB-B57A-4BF3-B8CE-767EE01BEBAE}.Release|iPhoneSimulator.Build.0 = Release|Any CPU
		{6C3EEFDB-B57A-4BF3-B8CE-767EE01BEBAE}.Release|iPhoneSimulator.Deploy.0 = Release|Any CPU
		{6C3EEFDB-B57A-4BF3-B8CE-767EE01BEBAE}.Release|x64.ActiveCfg = Release|Any CPU
		{6C3EEFDB-B57A-4BF3-B8CE-767EE01BEBAE}.Release|x64.Build.0 = Release|Any CPU
		{6C3EEFDB-B57A-4BF3-B8CE-767EE01BEBAE}.Release|x64.Deploy.0 = Release|Any CPU
		{6C3EEFDB-B57A-4BF3-B8CE-767EE01BEBAE}.Release|x86.ActiveCfg = Release|Any CPU
		{6C3EEFDB-B57A-4BF3-B8CE-767EE01BEBAE}.Release|x86.Build.0 = Release|Any CPU
		{6C3EEFDB-B57A-4BF3-B8CE-767EE01BEBAE}.Release|x86.Deploy.0 = Release|Any CPU
		{CB5C0AB4-8105-42C0-A24C-2A752B9787A4}.Ad-Hoc|Any CPU.ActiveCfg = Ad-Hoc|iPhone
		{CB5C0AB4-8105-42C0-A24C-2A752B9787A4}.Ad-Hoc|Any CPU.Build.0 = Ad-Hoc|iPhone
		{CB5C0AB4-8105-42C0-A24C-2A752B9787A4}.Ad-Hoc|Any CPU.Deploy.0 = Ad-Hoc|iPhone
		{CB5C0AB4-8105-42C0-A24C-2A752B9787A4}.Ad-Hoc|ARM.ActiveCfg = Ad-Hoc|iPhone
		{CB5C0AB4-8105-42C0-A24C-2A752B9787A4}.Ad-Hoc|ARM.Build.0 = Ad-Hoc|iPhone
		{CB5C0AB4-8105-42C0-A24C-2A752B9787A4}.Ad-Hoc|ARM.Deploy.0 = Ad-Hoc|iPhone
		{CB5C0AB4-8105-42C0-A24C-2A752B9787A4}.Ad-Hoc|iPhone.ActiveCfg = Ad-Hoc|iPhone
		{CB5C0AB4-8105-42C0-A24C-2A752B9787A4}.Ad-Hoc|iPhone.Build.0 = Ad-Hoc|iPhone
		{CB5C0AB4-8105-42C0-A24C-2A752B9787A4}.Ad-Hoc|iPhone.Deploy.0 = Ad-Hoc|iPhone
		{CB5C0AB4-8105-42C0-A24C-2A752B9787A4}.Ad-Hoc|iPhoneSimulator.ActiveCfg = Ad-Hoc|iPhoneSimulator
		{CB5C0AB4-8105-42C0-A24C-2A752B9787A4}.Ad-Hoc|iPhoneSimulator.Build.0 = Ad-Hoc|iPhoneSimulator
		{CB5C0AB4-8105-42C0-A24C-2A752B9787A4}.Ad-Hoc|iPhoneSimulator.Deploy.0 = Ad-Hoc|iPhoneSimulator
		{CB5C0AB4-8105-42C0-A24C-2A752B9787A4}.Ad-Hoc|x64.ActiveCfg = Ad-Hoc|iPhone
		{CB5C0AB4-8105-42C0-A24C-2A752B9787A4}.Ad-Hoc|x64.Build.0 = Ad-Hoc|iPhone
		{CB5C0AB4-8105-42C0-A24C-2A752B9787A4}.Ad-Hoc|x64.Deploy.0 = Ad-Hoc|iPhone
		{CB5C0AB4-8105-42C0-A24C-2A752B9787A4}.Ad-Hoc|x86.ActiveCfg = Ad-Hoc|iPhone
		{CB5C0AB4-8105-42C0-A24C-2A752B9787A4}.Ad-Hoc|x86.Build.0 = Ad-Hoc|iPhone
		{CB5C0AB4-8105-42C0-A24C-2A752B9787A4}.Ad-Hoc|x86.Deploy.0 = Ad-Hoc|iPhone
		{CB5C0AB4-8105-42C0-A24C-2A752B9787A4}.AppStore|Any CPU.ActiveCfg = AppStore|iPhone
		{CB5C0AB4-8105-42C0-A24C-2A752B9787A4}.AppStore|Any CPU.Build.0 = AppStore|iPhone
		{CB5C0AB4-8105-42C0-A24C-2A752B9787A4}.AppStore|Any CPU.Deploy.0 = AppStore|iPhone
		{CB5C0AB4-8105-42C0-A24C-2A752B9787A4}.AppStore|ARM.ActiveCfg = AppStore|iPhone
		{CB5C0AB4-8105-42C0-A24C-2A752B9787A4}.AppStore|ARM.Build.0 = AppStore|iPhone
		{CB5C0AB4-8105-42C0-A24C-2A752B9787A4}.AppStore|ARM.Deploy.0 = AppStore|iPhone
		{CB5C0AB4-8105-42C0-A24C-2A752B9787A4}.AppStore|iPhone.ActiveCfg = AppStore|iPhone
		{CB5C0AB4-8105-42C0-A24C-2A752B9787A4}.AppStore|iPhone.Build.0 = AppStore|iPhone
		{CB5C0AB4-8105-42C0-A24C-2A752B9787A4}.AppStore|iPhone.Deploy.0 = AppStore|iPhone
		{CB5C0AB4-8105-42C0-A24C-2A752B9787A4}.AppStore|iPhoneSimulator.ActiveCfg = AppStore|iPhoneSimulator
		{CB5C0AB4-8105-42C0-A24C-2A752B9787A4}.AppStore|iPhoneSimulator.Build.0 = AppStore|iPhoneSimulator
		{CB5C0AB4-8105-42C0-A24C-2A752B9787A4}.AppStore|iPhoneSimulator.Deploy.0 = AppStore|iPhoneSimulator
		{CB5C0AB4-8105-42C0-A24C-2A752B9787A4}.AppStore|x64.ActiveCfg = AppStore|iPhone
		{CB5C0AB4-8105-42C0-A24C-2A752B9787A4}.AppStore|x64.Build.0 = AppStore|iPhone
		{CB5C0AB4-8105-42C0-A24C-2A752B9787A4}.AppStore|x64.Deploy.0 = AppStore|iPhone
		{CB5C0AB4-8105-42C0-A24C-2A752B9787A4}.AppStore|x86.ActiveCfg = AppStore|iPhone
		{CB5C0AB4-8105-42C0-A24C-2A752B9787A4}.AppStore|x86.Build.0 = AppStore|iPhone
		{CB5C0AB4-8105-42C0-A24C-2A752B9787A4}.AppStore|x86.Deploy.0 = AppStore|iPhone
		{CB5C0AB4-8105-42C0-A24C-2A752B9787A4}.Debug|Any CPU.ActiveCfg = Debug|iPhoneSimulator
		{CB5C0AB4-8105-42C0-A24C-2A752B9787A4}.Debug|Any CPU.Build.0 = Debug|iPhoneSimulator
		{CB5C0AB4-8105-42C0-A24C-2A752B9787A4}.Debug|Any CPU.Deploy.0 = Debug|iPhoneSimulator
		{CB5C0AB4-8105-42C0-A24C-2A752B9787A4}.Debug|ARM.ActiveCfg = Debug|iPhone
		{CB5C0AB4-8105-42C0-A24C-2A752B9787A4}.Debug|ARM.Build.0 = Debug|iPhone
		{CB5C0AB4-8105-42C0-A24C-2A752B9787A4}.Debug|ARM.Deploy.0 = Debug|iPhone
		{CB5C0AB4-8105-42C0-A24C-2A752B9787A4}.Debug|iPhone.ActiveCfg = Debug|iPhone
		{CB5C0AB4-8105-42C0-A24C-2A752B9787A4}.Debug|iPhone.Build.0 = Debug|iPhone
		{CB5C0AB4-8105-42C0-A24C-2A752B9787A4}.Debug|iPhone.Deploy.0 = Debug|iPhone
		{CB5C0AB4-8105-42C0-A24C-2A752B9787A4}.Debug|iPhoneSimulator.ActiveCfg = Debug|iPhoneSimulator
		{CB5C0AB4-8105-42C0-A24C-2A752B9787A4}.Debug|iPhoneSimulator.Build.0 = Debug|iPhoneSimulator
		{CB5C0AB4-8105-42C0-A24C-2A752B9787A4}.Debug|iPhoneSimulator.Deploy.0 = Debug|iPhoneSimulator
		{CB5C0AB4-8105-42C0-A24C-2A752B9787A4}.Debug|x64.ActiveCfg = Debug|iPhone
		{CB5C0AB4-8105-42C0-A24C-2A752B9787A4}.Debug|x64.Build.0 = Debug|iPhone
		{CB5C0AB4-8105-42C0-A24C-2A752B9787A4}.Debug|x64.Deploy.0 = Debug|iPhone
		{CB5C0AB4-8105-42C0-A24C-2A752B9787A4}.Debug|x86.ActiveCfg = Debug|iPhone
		{CB5C0AB4-8105-42C0-A24C-2A752B9787A4}.Debug|x86.Build.0 = Debug|iPhone
		{CB5C0AB4-8105-42C0-A24C-2A752B9787A4}.Debug|x86.Deploy.0 = Debug|iPhone
		{CB5C0AB4-8105-42C0-A24C-2A752B9787A4}.Release|Any CPU.ActiveCfg = Release|iPhone
		{CB5C0AB4-8105-42C0-A24C-2A752B9787A4}.Release|Any CPU.Build.0 = Release|iPhone
		{CB5C0AB4-8105-42C0-A24C-2A752B9787A4}.Release|Any CPU.Deploy.0 = Release|iPhone
		{CB5C0AB4-8105-42C0-A24C-2A752B9787A4}.Release|ARM.ActiveCfg = Release|iPhone
		{CB5C0AB4-8105-42C0-A24C-2A752B9787A4}.Release|ARM.Build.0 = Release|iPhone
		{CB5C0AB4-8105-42C0-A24C-2A752B9787A4}.Release|ARM.Deploy.0 = Release|iPhone
		{CB5C0AB4-8105-42C0-A24C-2A752B9787A4}.Release|iPhone.ActiveCfg = Release|iPhone
		{CB5C0AB4-8105-42C0-A24C-2A752B9787A4}.Release|iPhone.Build.0 = Release|iPhone
		{CB5C0AB4-8105-42C0-A24C-2A752B9787A4}.Release|iPhone.Deploy.0 = Release|iPhone
		{CB5C0AB4-8105-42C0-A24C-2A752B9787A4}.Release|iPhoneSimulator.ActiveCfg = Release|iPhoneSimulator
		{CB5C0AB4-8105-42C0-A24C-2A752B9787A4}.Release|iPhoneSimulator.Build.0 = Release|iPhoneSimulator
		{CB5C0AB4-8105-42C0-A24C-2A752B9787A4}.Release|iPhoneSimulator.Deploy.0 = Release|iPhoneSimulator
		{CB5C0AB4-8105-42C0-A24C-2A752B9787A4}.Release|x64.ActiveCfg = Release|iPhone
		{CB5C0AB4-8105-42C0-A24C-2A752B9787A4}.Release|x64.Build.0 = Release|iPhone
		{CB5C0AB4-8105-42C0-A24C-2A752B9787A4}.Release|x64.Deploy.0 = Release|iPhone
		{CB5C0AB4-8105-42C0-A24C-2A752B9787A4}.Release|x86.ActiveCfg = Release|iPhone
		{CB5C0AB4-8105-42C0-A24C-2A752B9787A4}.Release|x86.Build.0 = Release|iPhone
		{CB5C0AB4-8105-42C0-A24C-2A752B9787A4}.Release|x86.Deploy.0 = Release|iPhone
		{B3062CA6-2767-4F48-8250-A6516DD57ACE}.Ad-Hoc|Any CPU.ActiveCfg = Release|x86
		{B3062CA6-2767-4F48-8250-A6516DD57ACE}.Ad-Hoc|Any CPU.Build.0 = Release|x86
		{B3062CA6-2767-4F48-8250-A6516DD57ACE}.Ad-Hoc|Any CPU.Deploy.0 = Release|x86
		{B3062CA6-2767-4F48-8250-A6516DD57ACE}.Ad-Hoc|ARM.ActiveCfg = Release|ARM
		{B3062CA6-2767-4F48-8250-A6516DD57ACE}.Ad-Hoc|ARM.Build.0 = Release|ARM
		{B3062CA6-2767-4F48-8250-A6516DD57ACE}.Ad-Hoc|ARM.Deploy.0 = Release|ARM
		{B3062CA6-2767-4F48-8250-A6516DD57ACE}.Ad-Hoc|iPhone.ActiveCfg = Release|x86
		{B3062CA6-2767-4F48-8250-A6516DD57ACE}.Ad-Hoc|iPhone.Build.0 = Release|x86
		{B3062CA6-2767-4F48-8250-A6516DD57ACE}.Ad-Hoc|iPhone.Deploy.0 = Release|x86
		{B3062CA6-2767-4F48-8250-A6516DD57ACE}.Ad-Hoc|iPhoneSimulator.ActiveCfg = Release|x86
		{B3062CA6-2767-4F48-8250-A6516DD57ACE}.Ad-Hoc|iPhoneSimulator.Build.0 = Release|x86
		{B3062CA6-2767-4F48-8250-A6516DD57ACE}.Ad-Hoc|iPhoneSimulator.Deploy.0 = Release|x86
		{B3062CA6-2767-4F48-8250-A6516DD57ACE}.Ad-Hoc|x64.ActiveCfg = Release|x64
		{B3062CA6-2767-4F48-8250-A6516DD57ACE}.Ad-Hoc|x64.Build.0 = Release|x64
		{B3062CA6-2767-4F48-8250-A6516DD57ACE}.Ad-Hoc|x64.Deploy.0 = Release|x64
		{B3062CA6-2767-4F48-8250-A6516DD57ACE}.Ad-Hoc|x86.ActiveCfg = Release|x86
		{B3062CA6-2767-4F48-8250-A6516DD57ACE}.Ad-Hoc|x86.Build.0 = Release|x86
		{B3062CA6-2767-4F48-8250-A6516DD57ACE}.Ad-Hoc|x86.Deploy.0 = Release|x86
		{B3062CA6-2767-4F48-8250-A6516DD57ACE}.AppStore|Any CPU.ActiveCfg = Release|x86
		{B3062CA6-2767-4F48-8250-A6516DD57ACE}.AppStore|Any CPU.Build.0 = Release|x86
		{B3062CA6-2767-4F48-8250-A6516DD57ACE}.AppStore|Any CPU.Deploy.0 = Release|x86
		{B3062CA6-2767-4F48-8250-A6516DD57ACE}.AppStore|ARM.ActiveCfg = Release|ARM
		{B3062CA6-2767-4F48-8250-A6516DD57ACE}.AppStore|ARM.Build.0 = Release|ARM
		{B3062CA6-2767-4F48-8250-A6516DD57ACE}.AppStore|ARM.Deploy.0 = Release|ARM
		{B3062CA6-2767-4F48-8250-A6516DD57ACE}.AppStore|iPhone.ActiveCfg = Release|x86
		{B3062CA6-2767-4F48-8250-A6516DD57ACE}.AppStore|iPhone.Build.0 = Release|x86
		{B3062CA6-2767-4F48-8250-A6516DD57ACE}.AppStore|iPhone.Deploy.0 = Release|x86
		{B3062CA6-2767-4F48-8250-A6516DD57ACE}.AppStore|iPhoneSimulator.ActiveCfg = Release|x86
		{B3062CA6-2767-4F48-8250-A6516DD57ACE}.AppStore|iPhoneSimulator.Build.0 = Release|x86
		{B3062CA6-2767-4F48-8250-A6516DD57ACE}.AppStore|iPhoneSimulator.Deploy.0 = Release|x86
		{B3062CA6-2767-4F48-8250-A6516DD57ACE}.AppStore|x64.ActiveCfg = Release|x64
		{B3062CA6-2767-4F48-8250-A6516DD57ACE}.AppStore|x64.Build.0 = Release|x64
		{B3062CA6-2767-4F48-8250-A6516DD57ACE}.AppStore|x64.Deploy.0 = Release|x64
		{B3062CA6-2767-4F48-8250-A6516DD57ACE}.AppStore|x86.ActiveCfg = Release|x86
		{B3062CA6-2767-4F48-8250-A6516DD57ACE}.AppStore|x86.Build.0 = Release|x86
		{B3062CA6-2767-4F48-8250-A6516DD57ACE}.AppStore|x86.Deploy.0 = Release|x86
		{B3062CA6-2767-4F48-8250-A6516DD57ACE}.Debug|Any CPU.ActiveCfg = Debug|x86
		{B3062CA6-2767-4F48-8250-A6516DD57ACE}.Debug|Any CPU.Build.0 = Debug|x86
		{B3062CA6-2767-4F48-8250-A6516DD57ACE}.Debug|Any CPU.Deploy.0 = Debug|x86
		{B3062CA6-2767-4F48-8250-A6516DD57ACE}.Debug|ARM.ActiveCfg = Debug|ARM
		{B3062CA6-2767-4F48-8250-A6516DD57ACE}.Debug|ARM.Build.0 = Debug|ARM
		{B3062CA6-2767-4F48-8250-A6516DD57ACE}.Debug|ARM.Deploy.0 = Debug|ARM
		{B3062CA6-2767-4F48-8250-A6516DD57ACE}.Debug|iPhone.ActiveCfg = Debug|x86
		{B3062CA6-2767-4F48-8250-A6516DD57ACE}.Debug|iPhone.Build.0 = Debug|x86
		{B3062CA6-2767-4F48-8250-A6516DD57ACE}.Debug|iPhone.Deploy.0 = Debug|x86
		{B3062CA6-2767-4F48-8250-A6516DD57ACE}.Debug|iPhoneSimulator.ActiveCfg = Debug|x86
		{B3062CA6-2767-4F48-8250-A6516DD57ACE}.Debug|iPhoneSimulator.Build.0 = Debug|x86
		{B3062CA6-2767-4F48-8250-A6516DD57ACE}.Debug|iPhoneSimulator.Deploy.0 = Debug|x86
		{B3062CA6-2767-4F48-8250-A6516DD57ACE}.Debug|x64.ActiveCfg = Debug|x64
		{B3062CA6-2767-4F48-8250-A6516DD57ACE}.Debug|x64.Build.0 = Debug|x64
		{B3062CA6-2767-4F48-8250-A6516DD57ACE}.Debug|x64.Deploy.0 = Debug|x64
		{B3062CA6-2767-4F48-8250-A6516DD57ACE}.Debug|x86.ActiveCfg = Debug|x86
		{B3062CA6-2767-4F48-8250-A6516DD57ACE}.Debug|x86.Build.0 = Debug|x86
		{B3062CA6-2767-4F48-8250-A6516DD57ACE}.Debug|x86.Deploy.0 = Debug|x86
		{B3062CA6-2767-4F48-8250-A6516DD57ACE}.Release|Any CPU.ActiveCfg = Release|x86
		{B3062CA6-2767-4F48-8250-A6516DD57ACE}.Release|Any CPU.Build.0 = Release|x86
		{B3062CA6-2767-4F48-8250-A6516DD57ACE}.Release|Any CPU.Deploy.0 = Release|x86
		{B3062CA6-2767-4F48-8250-A6516DD57ACE}.Release|ARM.ActiveCfg = Release|ARM
		{B3062CA6-2767-4F48-8250-A6516DD57ACE}.Release|ARM.Build.0 = Release|ARM
		{B3062CA6-2767-4F48-8250-A6516DD57ACE}.Release|ARM.Deploy.0 = Release|ARM
		{B3062CA6-2767-4F48-8250-A6516DD57ACE}.Release|iPhone.ActiveCfg = Release|x86
		{B3062CA6-2767-4F48-8250-A6516DD57ACE}.Release|iPhone.Build.0 = Release|x86
		{B3062CA6-2767-4F48-8250-A6516DD57ACE}.Release|iPhone.Deploy.0 = Release|x86
		{B3062CA6-2767-4F48-8250-A6516DD57ACE}.Release|iPhoneSimulator.ActiveCfg = Release|x86
		{B3062CA6-2767-4F48-8250-A6516DD57ACE}.Release|iPhoneSimulator.Build.0 = Release|x86
		{B3062CA6-2767-4F48-8250-A6516DD57ACE}.Release|iPhoneSimulator.Deploy.0 = Release|x86
		{B3062CA6-2767-4F48-8250-A6516DD57ACE}.Release|x64.ActiveCfg = Release|x64
		{B3062CA6-2767-4F48-8250-A6516DD57ACE}.Release|x64.Build.0 = Release|x64
		{B3062CA6-2767-4F48-8250-A6516DD57ACE}.Release|x64.Deploy.0 = Release|x64
		{B3062CA6-2767-4F48-8250-A6516DD57ACE}.Release|x86.ActiveCfg = Release|x86
		{B3062CA6-2767-4F48-8250-A6516DD57ACE}.Release|x86.Build.0 = Release|x86
		{B3062CA6-2767-4F48-8250-A6516DD57ACE}.Release|x86.Deploy.0 = Release|x86
	EndGlobalSection
	GlobalSection(SolutionProperties) = preSolution
		HideSolutionNode = FALSE
	EndGlobalSection
	GlobalSection(ExtensibilityGlobals) = postSolution
		SolutionGuid = {548AE503-B5B4-4AAF-A84D-70E6290BBF86}
	EndGlobalSection
EndGlobal
